
Microsoft Visual Studio Solution File, Format Version 12.00
# Visual Studio 15
VisualStudioVersion = 15.0.27703.2035
MinimumVisualStudioVersion = 10.0.40219.1
Project("{FAE04EC0-301F-11D3-BF4B-00C04F79EFBC}") = "ProjectedRaisesGUI", "ProjectedRaisesGUI\ProjectedRaisesGUI.csproj", "{46643BE8-F51D-44DE-AE43-FD323A9DF43C}"
EndProject
Global
	GlobalSection(SolutionConfigurationPlatforms) = preSolution
		Debug|Any CPU = Debug|Any CPU
		Release|Any CPU = Release|Any CPU
	EndGlobalSection
	GlobalSection(ProjectConfigurationPlatforms) = postSolution
		{46643BE8-F51D-44DE-AE43-FD323A9DF43C}.Debug|Any CPU.ActiveCfg = Debug|Any CPU
		{46643BE8-F51D-44DE-AE43-FD323A9DF43C}.Debug|Any CPU.Build.0 = Debug|Any CPU
		{46643BE8-F51D-44DE-AE43-FD323A9DF43C}.Release|Any CPU.ActiveCfg = Release|Any CPU
		{46643BE8-F51D-44DE-AE43-FD323A9DF43C}.Release|Any CPU.Build.0 = Release|Any CPU
	EndGlobalSection
	GlobalSection(SolutionProperties) = preSolution
		HideSolutionNode = FALSE
	EndGlobalSection
	GlobalSection(ExtensibilityGlobals) = postSolution
		SolutionGuid = {F56E6589-7A5D-4CE7-ADE1-902EED05784A}
	EndGlobalSection
EndGlobal
